Microsoft Visual Studio Solution File, Format Version 12.00
# Visual Studio 2012
Project("{FAE04EC0-301F-11D3-BF4B-00C04F79EFBC}") = "Chickensoft.SaveFileBuilder.Tests", "Chickensoft.SaveFileBuilder.Tests.csproj", "{834B83D0-DC42-47BC-8792-D8D03D8C254F}"
EndProject
Global
	GlobalSection(SolutionConfigurationPlatforms) = preSolution
	Debug|Any CPU = Debug|Any CPU
	ExportDebug|Any CPU = ExportDebug|Any CPU
	ExportRelease|Any CPU = ExportRelease|Any CPU
	EndGlobalSection
	GlobalSection(ProjectConfigurationPlatforms) = postSolution
		{834B83D0-DC42-47BC-8792-D8D03D8C254F}.Debug|Any CPU.ActiveCfg = Debug|Any CPU
		{834B83D0-DC42-47BC-8792-D8D03D8C254F}.Debug|Any CPU.Build.0 = Debug|Any CPU
		{834B83D0-DC42-47BC-8792-D8D03D8C254F}.ExportDebug|Any CPU.ActiveCfg = ExportDebug|Any CPU
		{834B83D0-DC42-47BC-8792-D8D03D8C254F}.ExportDebug|Any CPU.Build.0 = ExportDebug|Any CPU
		{834B83D0-DC42-47BC-8792-D8D03D8C254F}.ExportRelease|Any CPU.ActiveCfg = ExportRelease|Any CPU
		{834B83D0-DC42-47BC-8792-D8D03D8C254F}.ExportRelease|Any CPU.Build.0 = ExportRelease|Any CPU
	EndGlobalSection
EndGlobal
